
Microsoft Visual Studio Solution File, Format Version 12.00
# Visual Studio Version 17
VisualStudioVersion = 17.0.31903.59
MinimumVisualStudioVersion = 10.0.40219.1
Project("{FAE04EC0-301F-11D3-BF4B-00C04F79EFBC}") = "TaskService", "TaskService\TaskService.csproj", "{881C2968-9F39-44FE-9350-808504053592}"
EndProject
Project("{FAE04EC0-301F-11D3-BF4B-00C04F79EFBC}") = "TaskService.tests", "TaskService.tests\TaskService.tests.csproj", "{EC3F5F06-D1BC-47E0-9BBC-FBA1B4048063}"
EndProject
Project("{FAE04EC0-301F-11D3-BF4B-00C04F79EFBC}") = "TaskService.Api", "TaskService.Api\TaskService.Api.csproj", "{E50ED03D-D6B3-48A1-934A-85E841AF445E}"
EndProject
Global
	GlobalSection(SolutionConfigurationPlatforms) = preSolution
		Debug|Any CPU = Debug|Any CPU
		Debug|x64 = Debug|x64
		Debug|x86 = Debug|x86
		Release|Any CPU = Release|Any CPU
		Release|x64 = Release|x64
		Release|x86 = Release|x86
	EndGlobalSection
	GlobalSection(ProjectConfigurationPlatforms) = postSolution
		{881C2968-9F39-44FE-9350-808504053592}.Debug|Any CPU.ActiveCfg = Debug|Any CPU
		{881C2968-9F39-44FE-9350-808504053592}.Debug|Any CPU.Build.0 = Debug|Any CPU
		{881C2968-9F39-44FE-9350-808504053592}.Debug|x64.ActiveCfg = Debug|Any CPU
		{881C2968-9F39-44FE-9350-808504053592}.Debug|x64.Build.0 = Debug|Any CPU
		{881C2968-9F39-44FE-9350-808504053592}.Debug|x86.ActiveCfg = Debug|Any CPU
		{881C2968-9F39-44FE-9350-808504053592}.Debug|x86.Build.0 = Debug|Any CPU
		{881C2968-9F39-44FE-9350-808504053592}.Release|Any CPU.ActiveCfg = Release|Any CPU
		{881C2968-9F39-44FE-9350-808504053592}.Release|Any CPU.Build.0 = Release|Any CPU
		{881C2968-9F39-44FE-9350-808504053592}.Release|x64.ActiveCfg = Release|Any CPU
		{881C2968-9F39-44FE-9350-808504053592}.Release|x64.Build.0 = Release|Any CPU
		{881C2968-9F39-44FE-9350-808504053592}.Release|x86.ActiveCfg = Release|Any CPU
		{881C2968-9F39-44FE-9350-808504053592}.Release|x86.Build.0 = Release|Any CPU
		{EC3F5F06-D1BC-47E0-9BBC-FBA1B4048063}.Debug|Any CPU.ActiveCfg = Debug|Any CPU
		{EC3F5F06-D1BC-47E0-9BBC-FBA1B4048063}.Debug|Any CPU.Build.0 = Debug|Any CPU
		{EC3F5F06-D1BC-47E0-9BBC-FBA1B4048063}.Debug|x64.ActiveCfg = Debug|Any CPU
		{EC3F5F06-D1BC-47E0-9BBC-FBA1B4048063}.Debug|x64.Build.0 = Debug|Any CPU
		{EC3F5F06-D1BC-47E0-9BBC-FBA1B4048063}.Debug|x86.ActiveCfg = Debug|Any CPU
		{EC3F5F06-D1BC-47E0-9BBC-FBA1B4048063}.Debug|x86.Build.0 = Debug|Any CPU
		{EC3F5F06-D1BC-47E0-9BBC-FBA1B4048063}.Release|Any CPU.ActiveCfg = Release|Any CPU
		{EC3F5F06-D1BC-47E0-9BBC-FBA1B4048063}.Release|Any CPU.Build.0 = Release|Any CPU
		{EC3F5F06-D1BC-47E0-9BBC-FBA1B4048063}.Release|x64.ActiveCfg = Release|Any CPU
		{EC3F5F06-D1BC-47E0-9BBC-FBA1B4048063}.Release|x64.Build.0 = Release|Any CPU
		{EC3F5F06-D1BC-47E0-9BBC-FBA1B4048063}.Release|x86.ActiveCfg = Release|Any CPU
		{EC3F5F06-D1BC-47E0-9BBC-FBA1B4048063}.Release|x86.Build.0 = Release|Any CPU
		{E50ED03D-D6B3-48A1-934A-85E841AF445E}.Debug|Any CPU.ActiveCfg = Debug|Any CPU
		{E50ED03D-D6B3-48A1-934A-85E841AF445E}.Debug|Any CPU.Build.0 = Debug|Any CPU
		{E50ED03D-D6B3-48A1-934A-85E841AF445E}.Debug|x64.ActiveCfg = Debug|Any CPU
		{E50ED03D-D6B3-48A1-934A-85E841AF445E}.Debug|x64.Build.0 = Debug|Any CPU
		{E50ED03D-D6B3-48A1-934A-85E841AF445E}.Debug|x86.ActiveCfg = Debug|Any CPU
		{E50ED03D-D6B3-48A1-934A-85E841AF445E}.Debug|x86.Build.0 = Debug|Any CPU
		{E50ED03D-D6B3-48A1-934A-85E841AF445E}.Release|Any CPU.ActiveCfg = Release|Any CPU
		{E50ED03D-D6B3-48A1-934A-85E841AF445E}.Release|Any CPU.Build.0 = Release|Any CPU
		{E50ED03D-D6B3-48A1-934A-85E841AF445E}.Release|x64.ActiveCfg = Release|Any CPU
		{E50ED03D-D6B3-48A1-934A-85E841AF445E}.Release|x64.Build.0 = Release|Any CPU
		{E50ED03D-D6B3-48A1-934A-85E841AF445E}.Release|x86.ActiveCfg = Release|Any CPU
		{E50ED03D-D6B3-48A1-934A-85E841AF445E}.Release|x86.Build.0 = Release|Any CPU
	EndGlobalSection
	GlobalSection(SolutionProperties) = preSolution
		HideSolutionNode = FALSE
	EndGlobalSection
EndGlobal
